// !$*UTF8*$!
{
	archiveVersion = 1;
	classes = {
	};
	objectVersion = 55;
	objects = {

/* Begin PBXBuildFile section */
		6604EE0627F6E8C30067AE32 /* FavoritesViewController.swift in Sources */ = {isa = PBXBuildFile; fileRef = 6604EE0527F6E8C30067AE32 /* FavoritesViewController.swift */; };
		6604EE0827F6EAA90067AE32 /* FavoritesCollectionViewCell.swift in Sources */ = {isa = PBXBuildFile; fileRef = 6604EE0727F6EAA90067AE32 /* FavoritesCollectionViewCell.swift */; };
		6604EE0A27F70D230067AE32 /* MainTabBarController.swift in Sources */ = {isa = PBXBuildFile; fileRef = 6604EE0927F70D230067AE32 /* MainTabBarController.swift */; };
		6604EE0D27F8C3450067AE32 /* QuasarModel.xcdatamodeld in Sources */ = {isa = PBXBuildFile; fileRef = 6604EE0B27F8C3450067AE32 /* QuasarModel.xcdatamodeld */; };
		6604EE0F27F8C5C30067AE32 /* DataPersistenceManager.swift in Sources */ = {isa = PBXBuildFile; fileRef = 6604EE0E27F8C5C30067AE32 /* DataPersistenceManager.swift */; };
		664029D327D33F24009BF0B1 /* FeedCollectionViewCell.swift in Sources */ = {isa = PBXBuildFile; fileRef = 664029D227D33F24009BF0B1 /* FeedCollectionViewCell.swift */; };
		664029D527D3692D009BF0B1 /* NetworkManager.swift in Sources */ = {isa = PBXBuildFile; fileRef = 664029D427D3692D009BF0B1 /* NetworkManager.swift */; };
		664029D727D36963009BF0B1 /* Constants.swift in Sources */ = {isa = PBXBuildFile; fileRef = 664029D627D36963009BF0B1 /* Constants.swift */; };
		664029D927D36A6F009BF0B1 /* QuasarError.swift in Sources */ = {isa = PBXBuildFile; fileRef = 664029D827D36A6F009BF0B1 /* QuasarError.swift */; };
		664029DB27D36B76009BF0B1 /* Article.swift in Sources */ = {isa = PBXBuildFile; fileRef = 664029DA27D36B76009BF0B1 /* Article.swift */; };
		664029DD27D3946F009BF0B1 /* Extensions.swift in Sources */ = {isa = PBXBuildFile; fileRef = 664029DC27D3946F009BF0B1 /* Extensions.swift */; };
		664029DF27D49991009BF0B1 /* ArticleDetailViewController.swift in Sources */ = {isa = PBXBuildFile; fileRef = 664029DE27D49991009BF0B1 /* ArticleDetailViewController.swift */; };
		664029E127D4DBE5009BF0B1 /* LoadingCollectionViewCell.swift in Sources */ = {isa = PBXBuildFile; fileRef = 664029E027D4DBE5009BF0B1 /* LoadingCollectionViewCell.swift */; };
		664B5E3D27DDFDD8003FC460 /* SettingsViewController.swift in Sources */ = {isa = PBXBuildFile; fileRef = 664B5E3C27DDFDD8003FC460 /* SettingsViewController.swift */; };
		66B9608927D32F1A0035890E /* AppDelegate.swift in Sources */ = {isa = PBXBuildFile; fileRef = 66B9608827D32F1A0035890E /* AppDelegate.swift */; };
		66B9608B27D32F1A0035890E /* SceneDelegate.swift in Sources */ = {isa = PBXBuildFile; fileRef = 66B9608A27D32F1A0035890E /* SceneDelegate.swift */; };
		66B9608D27D32F1A0035890E /* HomeViewController.swift in Sources */ = {isa = PBXBuildFile; fileRef = 66B9608C27D32F1A0035890E /* HomeViewController.swift */; };
		66B9609027D32F1A0035890E /* Main.storyboard in Resources */ = {isa = PBXBuildFile; fileRef = 66B9608E27D32F1A0035890E /* Main.storyboard */; };
		66B9609227D32F210035890E /* Assets.xcassets in Resources */ = {isa = PBXBuildFile; fileRef = 66B9609127D32F210035890E /* Assets.xcassets */; };
		66B9609527D32F210035890E /* LaunchScreen.storyboard in Resources */ = {isa = PBXBuildFile; fileRef = 66B9609327D32F210035890E /* LaunchScreen.storyboard */; };
		66C535432802149800351DF3 /* EmptyBackgroundView.swift in Sources */ = {isa = PBXBuildFile; fileRef = 66C535422802149800351DF3 /* EmptyBackgroundView.swift */; };
/* End PBXBuildFile section */

/* Begin PBXFileReference section */
		6604EE0527F6E8C30067AE32 /* FavoritesViewController.swift */ = {isa = PBXFileReference; lastKnownFileType = sourcecode.swift; path = FavoritesViewController.swift; sourceTree = "<group>"; };
		6604EE0727F6EAA90067AE32 /* FavoritesCollectionViewCell.swift */ = {isa = PBXFileReference; lastKnownFileType = sourcecode.swift; path = FavoritesCollectionViewCell.swift; sourceTree = "<group>"; };
		6604EE0927F70D230067AE32 /* MainTabBarController.swift */ = {isa = PBXFileReference; lastKnownFileType = sourcecode.swift; path = MainTabBarController.swift; sourceTree = "<group>"; };
		6604EE0C27F8C3450067AE32 /* QuasarModel.xcdatamodel */ = {isa = PBXFileReference; lastKnownFileType = wrapper.xcdatamodel; path = QuasarModel.xcdatamodel; sourceTree = "<group>"; };
		6604EE0E27F8C5C30067AE32 /* DataPersistenceManager.swift */ = {isa = PBXFileReference; lastKnownFileType = sourcecode.swift; path = DataPersistenceManager.swift; sourceTree = "<group>"; };
		664029D227D33F24009BF0B1 /* FeedCollectionViewCell.swift */ = {isa = PBXFileReference; lastKnownFileType = sourcecode.swift; path = FeedCollectionViewCell.swift; sourceTree = "<group>"; };
		664029D427D3692D009BF0B1 /* NetworkManager.swift */ = {isa = PBXFileReference; lastKnownFileType = sourcecode.swift; path = NetworkManager.swift; sourceTree = "<group>"; };
		664029D627D36963009BF0B1 /* Constants.swift */ = {isa = PBXFileReference; lastKnownFileType = sourcecode.swift; path = Constants.swift; sourceTree = "<group>"; };
		664029D827D36A6F009BF0B1 /* QuasarError.swift */ = {isa = PBXFileReference; lastKnownFileType = sourcecode.swift; path = QuasarError.swift; sourceTree = "<group>"; };
		664029DA27D36B76009BF0B1 /* Article.swift */ = {isa = PBXFileReference; lastKnownFileType = sourcecode.swift; path = Article.swift; sourceTree = "<group>"; };
		664029DC27D3946F009BF0B1 /* Extensions.swift */ = {isa = PBXFileReference; lastKnownFileType = sourcecode.swift; path = Extensions.swift; sourceTree = "<group>"; };
		664029DE27D49991009BF0B1 /* ArticleDetailViewController.swift */ = {isa = PBXFileReference; lastKnownFileType = sourcecode.swift; path = ArticleDetailViewController.swift; sourceTree = "<group>"; };
		664029E027D4DBE5009BF0B1 /* LoadingCollectionViewCell.swift */ = {isa = PBXFileReference; lastKnownFileType = sourcecode.swift; path = LoadingCollectionViewCell.swift; sourceTree = "<group>"; };
		664B5E3C27DDFDD8003FC460 /* SettingsViewController.swift */ = {isa = PBXFileReference; lastKnownFileType = sourcecode.swift; path = SettingsViewController.swift; sourceTree = "<group>"; };
		66B9608527D32F1A0035890E /* Quasar.app */ = {isa = PBXFileReference; explicitFileType = wrapper.application; includeInIndex = 0; path = Quasar.app; sourceTree = BUILT_PRODUCTS_DIR; };
		66B9608827D32F1A0035890E /* AppDelegate.swift */ = {isa = PBXFileReference; lastKnownFileType = sourcecode.swift; path = AppDelegate.swift; sourceTree = "<group>"; };
		66B9608A27D32F1A0035890E /* SceneDelegate.swift */ = {isa = PBXFileReference; lastKnownFileType = sourcecode.swift; path = SceneDelegate.swift; sourceTree = "<group>"; };
		66B9608C27D32F1A0035890E /* HomeViewController.swift */ = {isa = PBXFileReference; lastKnownFileType = sourcecode.swift; path = HomeViewController.swift; sourceTree = "<group>"; };
		66B9608F27D32F1A0035890E /* Base */ = {isa = PBXFileReference; lastKnownFileType = file.storyboard; name = Base; path = Base.lproj/Main.storyboard; sourceTree = "<group>"; };
		66B9609127D32F210035890E /* Assets.xcassets */ = {isa = PBXFileReference; lastKnownFileType = folder.assetcatalog; path = Assets.xcassets; sourceTree = "<group>"; };
		66B9609427D32F210035890E /* Base */ = {isa = PBXFileReference; lastKnownFileType = file.storyboard; name = Base; path = Base.lproj/LaunchScreen.storyboard; sourceTree = "<group>"; };
		66B9609627D32F210035890E /* Info.plist */ = {isa = PBXFileReference; lastKnownFileType = text.plist.xml; path = Info.plist; sourceTree = "<group>"; };
		66C535422802149800351DF3 /* EmptyBackgroundView.swift */ = {isa = PBXFileReference; lastKnownFileType = sourcecode.swift; path = EmptyBackgroundView.swift; sourceTree = "<group>"; };
/* End PBXFileReference section */

/* Begin PBXFrameworksBuildPhase section */
		66B9608227D32F1A0035890E /* Frameworks */ = {
			isa = PBXFrameworksBuildPhase;
			buildActionMask = 2147483647;
			files = (
			);
			runOnlyForDeploymentPostprocessing = 0;
		};
/* End PBXFrameworksBuildPhase section */

/* Begin PBXGroup section */
		664029CD27D3378D009BF0B1 /* Controllers */ = {
			isa = PBXGroup;
			children = (
				66B9608C27D32F1A0035890E /* HomeViewController.swift */,
				664029DE27D49991009BF0B1 /* ArticleDetailViewController.swift */,
				664B5E3C27DDFDD8003FC460 /* SettingsViewController.swift */,
				6604EE0527F6E8C30067AE32 /* FavoritesViewController.swift */,
				6604EE0927F70D230067AE32 /* MainTabBarController.swift */,
			);
			path = Controllers;
			sourceTree = "<group>";
		};
		664029CE27D33790009BF0B1 /* Views */ = {
			isa = PBXGroup;
			children = (
				664029D227D33F24009BF0B1 /* FeedCollectionViewCell.swift */,
				664029E027D4DBE5009BF0B1 /* LoadingCollectionViewCell.swift */,
				6604EE0727F6EAA90067AE32 /* FavoritesCollectionViewCell.swift */,
				66C535422802149800351DF3 /* EmptyBackgroundView.swift */,
			);
			path = Views;
			sourceTree = "<group>";
		};
		664029CF27D33793009BF0B1 /* Models */ = {
			isa = PBXGroup;
			children = (
				664029DA27D36B76009BF0B1 /* Article.swift */,
			);
			path = Models;
			sourceTree = "<group>";
		};
		664029D027D337C4009BF0B1 /* Managers */ = {
			isa = PBXGroup;
			children = (
				664029D427D3692D009BF0B1 /* NetworkManager.swift */,
				6604EE0E27F8C5C30067AE32 /* DataPersistenceManager.swift */,
			);
			path = Managers;
			sourceTree = "<group>";
		};
		664029D127D337D1009BF0B1 /* Utilities */ = {
			isa = PBXGroup;
			children = (
				664029D627D36963009BF0B1 /* Constants.swift */,
				664029D827D36A6F009BF0B1 /* QuasarError.swift */,
				664029DC27D3946F009BF0B1 /* Extensions.swift */,
			);
			path = Utilities;
			sourceTree = "<group>";
		};
		66B9607C27D32F1A0035890E = {
			isa = PBXGroup;
			children = (
				66B9608727D32F1A0035890E /* Quasar */,
				66B9608627D32F1A0035890E /* Products */,
			);
			sourceTree = "<group>";
		};
		66B9608627D32F1A0035890E /* Products */ = {
			isa = PBXGroup;
			children = (
				66B9608527D32F1A0035890E /* Quasar.app */,
			);
			name = Products;
			sourceTree = "<group>";
		};
		66B9608727D32F1A0035890E /* Quasar */ = {
			isa = PBXGroup;
			children = (
				664029CF27D33793009BF0B1 /* Models */,
				664029CE27D33790009BF0B1 /* Views */,
				664029CD27D3378D009BF0B1 /* Controllers */,
				664029D127D337D1009BF0B1 /* Utilities */,
				664029D027D337C4009BF0B1 /* Managers */,
				66B9608827D32F1A0035890E /* AppDelegate.swift */,
				66B9608A27D32F1A0035890E /* SceneDelegate.swift */,
				66B9608E27D32F1A0035890E /* Main.storyboard */,
				66B9609127D32F210035890E /* Assets.xcassets */,
				66B9609327D32F210035890E /* LaunchScreen.storyboard */,
				66B9609627D32F210035890E /* Info.plist */,
				6604EE0B27F8C3450067AE32 /* QuasarModel.xcdatamodeld */,
			);
			path = Quasar;
			sourceTree = "<group>";
		};
/* End PBXGroup section */

/* Begin PBXNativeTarget section */
		66B9608427D32F1A0035890E /* Quasar */ = {
			isa = PBXNativeTarget;
			buildConfigurationList = 66B9609927D32F220035890E /* Build configuration list for PBXNativeTarget "Quasar" */;
			buildPhases = (
				66B9608127D32F1A0035890E /* Sources */,
				66B9608227D32F1A0035890E /* Frameworks */,
				66B9608327D32F1A0035890E /* Resources */,
			);
			buildRules = (
			);
			dependencies = (
			);
			name = Quasar;
			productName = Quasar;
			productReference = 66B9608527D32F1A0035890E /* Quasar.app */;
			productType = "com.apple.product-type.application";
		};
/* End PBXNativeTarget section */

/* Begin PBXProject section */
		66B9607D27D32F1A0035890E /* Project object */ = {
			isa = PBXProject;
			attributes = {
				BuildIndependentTargetsInParallel = 1;
				LastSwiftUpdateCheck = 1320;
				LastUpgradeCheck = 1320;
				TargetAttributes = {
					66B9608427D32F1A0035890E = {
						CreatedOnToolsVersion = 13.2.1;
					};
				};
			};
			buildConfigurationList = 66B9608027D32F1A0035890E /* Build configuration list for PBXProject "Quasar" */;
			compatibilityVersion = "Xcode 13.0";
			developmentRegion = en;
			hasScannedForEncodings = 0;
			knownRegions = (
				en,
				Base,
			);
			mainGroup = 66B9607C27D32F1A0035890E;
			productRefGroup = 66B9608627D32F1A0035890E /* Products */;
			projectDirPath = "";
			projectRoot = "";
			targets = (
				66B9608427D32F1A0035890E /* Quasar */,
			);
		};
/* End PBXProject section */

/* Begin PBXResourcesBuildPhase section */
		66B9608327D32F1A0035890E /* Resources */ = {
			isa = PBXResourcesBuildPhase;
			buildActionMask = 2147483647;
			files = (
				66B9609527D32F210035890E /* LaunchScreen.storyboard in Resources */,
				66B9609227D32F210035890E /* Assets.xcassets in Resources */,
				66B9609027D32F1A0035890E /* Main.storyboard in Resources */,
			);
			runOnlyForDeploymentPostprocessing = 0;
		};
/* End PBXResourcesBuildPhase section */

/* Begin PBXSourcesBuildPhase section */
		66B9608127D32F1A0035890E /* Sources */ = {
			isa = PBXSourcesBuildPhase;
			buildActionMask = 2147483647;
			files = (
				6604EE0827F6EAA90067AE32 /* FavoritesCollectionViewCell.swift in Sources */,
				6604EE0627F6E8C30067AE32 /* FavoritesViewController.swift in Sources */,
				6604EE0A27F70D230067AE32 /* MainTabBarController.swift in Sources */,
				66B9608D27D32F1A0035890E /* HomeViewController.swift in Sources */,
				664029DD27D3946F009BF0B1 /* Extensions.swift in Sources */,
				664029D327D33F24009BF0B1 /* FeedCollectionViewCell.swift in Sources */,
				664029D927D36A6F009BF0B1 /* QuasarError.swift in Sources */,
				664029DF27D49991009BF0B1 /* ArticleDetailViewController.swift in Sources */,
				66C535432802149800351DF3 /* EmptyBackgroundView.swift in Sources */,
				664029D527D3692D009BF0B1 /* NetworkManager.swift in Sources */,
				664029DB27D36B76009BF0B1 /* Article.swift in Sources */,
				664029E127D4DBE5009BF0B1 /* LoadingCollectionViewCell.swift in Sources */,
				66B9608927D32F1A0035890E /* AppDelegate.swift in Sources */,
				6604EE0F27F8C5C30067AE32 /* DataPersistenceManager.swift in Sources */,
				66B9608B27D32F1A0035890E /* SceneDelegate.swift in Sources */,
				664029D727D36963009BF0B1 /* Constants.swift in Sources */,
				6604EE0D27F8C3450067AE32 /* QuasarModel.xcdatamodeld in Sources */,
				664B5E3D27DDFDD8003FC460 /* SettingsViewController.swift in Sources */,
			);
			runOnlyForDeploymentPostprocessing = 0;
		};
/* End PBXSourcesBuildPhase section */

/* Begin PBXVariantGroup section */
		66B9608E27D32F1A0035890E /* Main.storyboard */ = {
			isa = PBXVariantGroup;
			children = (
				66B9608F27D32F1A0035890E /* Base */,
			);
			name = Main.storyboard;
			sourceTree = "<group>";
		};
		66B9609327D32F210035890E /* LaunchScreen.storyboard */ = {
			isa = PBXVariantGroup;
			children = (
				66B9609427D32F210035890E /* Base */,
			);
			name = LaunchScreen.storyboard;
			sourceTree = "<group>";
		};
/* End PBXVariantGroup section */

/* Begin XCBuildConfiguration section */
		66B9609727D32F220035890E /* Debug */ = {
			isa = XCBuildConfiguration;
			buildSettings = {
				ALWAYS_SEARCH_USER_PATHS = NO;
				CLANG_ANALYZER_NONNULL = YES;
				CLANG_ANALYZER_NUMBER_OBJECT_CONVERSION = YES_AGGRESSIVE;
				CLANG_CXX_LANGUAGE_STANDARD = "gnu++17";
				CLANG_CXX_LIBRARY = "libc++";
				CLANG_ENABLE_MODULES = YES;
				CLANG_ENABLE_OBJC_ARC = YES;
				CLANG_ENABLE_OBJC_WEAK = YES;
				CLANG_WARN_BLOCK_CAPTURE_AUTORELEASING = YES;
				CLANG_WARN_BOOL_CONVERSION = YES;
				CLANG_WARN_COMMA = YES;
				CLANG_WARN_CONSTANT_CONVERSION = YES;
				CLANG_WARN_DEPRECATED_OBJC_IMPLEMENTATIONS = YES;
				CLANG_WARN_DIRECT_OBJC_ISA_USAGE = YES_ERROR;
				CLANG_WARN_DOCUMENTATION_COMMENTS = YES;
				CLANG_WARN_EMPTY_BODY = YES;
				CLANG_WARN_ENUM_CONVERSION = YES;
				CLANG_WARN_INFINITE_RECURSION = YES;
				CLANG_WARN_INT_CONVERSION = YES;
				CLANG_WARN_NON_LITERAL_NULL_CONVERSION = YES;
				CLANG_WARN_OBJC_IMPLICIT_RETAIN_SELF = YES;
				CLANG_WARN_OBJC_LITERAL_CONVERSION = YES;
				CLANG_WARN_OBJC_ROOT_CLASS = YES_ERROR;
				CLANG_WARN_QUOTED_INCLUDE_IN_FRAMEWORK_HEADER = YES;
				CLANG_WARN_RANGE_LOOP_ANALYSIS = YES;
				CLANG_WARN_STRICT_PROTOTYPES = YES;
				CLANG_WARN_SUSPICIOUS_MOVE = YES;
				CLANG_WARN_UNGUARDED_AVAILABILITY = YES_AGGRESSIVE;
				CLANG_WARN_UNREACHABLE_CODE = YES;
				CLANG_WARN__DUPLICATE_METHOD_MATCH = YES;
				COPY_PHASE_STRIP = NO;
				DEBUG_INFORMATION_FORMAT = dwarf;
				ENABLE_STRICT_OBJC_MSGSEND = YES;
				ENABLE_TESTABILITY = YES;
				GCC_C_LANGUAGE_STANDARD = gnu11;
				GCC_DYNAMIC_NO_PIC = NO;
				GCC_NO_COMMON_BLOCKS = YES;
				GCC_OPTIMIZATION_LEVEL = 0;
				GCC_PREPROCESSOR_DEFINITIONS = (
					"DEBUG=1",
					"$(inherited)",
				);
				GCC_WARN_64_TO_32_BIT_CONVERSION = YES;
				GCC_WARN_ABOUT_RETURN_TYPE = YES_ERROR;
				GCC_WARN_UNDECLARED_SELECTOR = YES;
				GCC_WARN_UNINITIALIZED_AUTOS = YES_AGGRESSIVE;
				GCC_WARN_UNUSED_FUNCTION = YES;
				GCC_WARN_UNUSED_VARIABLE = YES;
				IPHONEOS_DEPLOYMENT_TARGET = 13.0;
				MTL_ENABLE_DEBUG_INFO = INCLUDE_SOURCE;
				MTL_FAST_MATH = YES;
				ONLY_ACTIVE_ARCH = YES;
				SDKROOT = iphoneos;
				SWIFT_ACTIVE_COMPILATION_CONDITIONS = DEBUG;
				SWIFT_OPTIMIZATION_LEVEL = "-Onone";
			};
			name = Debug;
		};
		66B9609827D32F220035890E /* Release */ = {
			isa = XCBuildConfiguration;
			buildSettings = {
				ALWAYS_SEARCH_USER_PATHS = NO;
				CLANG_ANALYZER_NONNULL = YES;
				CLANG_ANALYZER_NUMBER_OBJECT_CONVERSION = YES_AGGRESSIVE;
				CLANG_CXX_LANGUAGE_STANDARD = "gnu++17";
				CLANG_CXX_LIBRARY = "libc++";
				CLANG_ENABLE_MODULES = YES;
				CLANG_ENABLE_OBJC_ARC = YES;
				CLANG_ENABLE_OBJC_WEAK = YES;
				CLANG_WARN_BLOCK_CAPTURE_AUTORELEASING = YES;
				CLANG_WARN_BOOL_CONVERSION = YES;
				CLANG_WARN_COMMA = YES;
				CLANG_WARN_CONSTANT_CONVERSION = YES;
				CLANG_WARN_DEPRECATED_OBJC_IMPLEMENTATIONS = YES;
				CLANG_WARN_DIRECT_OBJC_ISA_USAGE = YES_ERROR;
				CLANG_WARN_DOCUMENTATION_COMMENTS = YES;
				CLANG_WARN_EMPTY_BODY = YES;
				CLANG_WARN_ENUM_CONVERSION = YES;
				CLANG_WARN_INFINITE_RECURSION = YES;
				CLANG_WARN_INT_CONVERSION = YES;
				CLANG_WARN_NON_LITERAL_NULL_CONVERSION = YES;
				CLANG_WARN_OBJC_IMPLICIT_RETAIN_SELF = YES;
				CLANG_WARN_OBJC_LITERAL_CONVERSION = YES;
				CLANG_WARN_OBJC_ROOT_CLASS = YES_ERROR;
				CLANG_WARN_QUOTED_INCLUDE_IN_FRAMEWORK_HEADER = YES;
				CLANG_WARN_RANGE_LOOP_ANALYSIS = YES;
				CLANG_WARN_STRICT_PROTOTYPES = YES;
				CLANG_WARN_SUSPICIOUS_MOVE = YES;
				CLANG_WARN_UNGUARDED_AVAILABILITY = YES_AGGRESSIVE;
				CLANG_WARN_UNREACHABLE_CODE = YES;
				CLANG_WARN__DUPLICATE_METHOD_MATCH = YES;
				COPY_PHASE_STRIP = NO;
				DEBUG_INFORMATION_FORMAT = "dwarf-with-dsym";
				ENABLE_NS_ASSERTIONS = NO;
				ENABLE_STRICT_OBJC_MSGSEND = YES;
				GCC_C_LANGUAGE_STANDARD = gnu11;
				GCC_NO_COMMON_BLOCKS = YES;
				GCC_WARN_64_TO_32_BIT_CONVERSION = YES;
				GCC_WARN_ABOUT_RETURN_TYPE = YES_ERROR;
				GCC_WARN_UNDECLARED_SELECTOR = YES;
				GCC_WARN_UNINITIALIZED_AUTOS = YES_AGGRESSIVE;
				GCC_WARN_UNUSED_FUNCTION = YES;
				GCC_WARN_UNUSED_VARIABLE = YES;
				IPHONEOS_DEPLOYMENT_TARGET = 13.0;
				MTL_ENABLE_DEBUG_INFO = NO;
				MTL_FAST_MATH = YES;
				SDKROOT = iphoneos;
				SWIFT_COMPILATION_MODE = wholemodule;
				SWIFT_OPTIMIZATION_LEVEL = "-O";
				VALIDATE_PRODUCT = YES;
			};
			name = Release;
		};
		66B9609A27D32F220035890E /* Debug */ = {
			isa = XCBuildConfiguration;
			buildSettings = {
				ASSETCATALOG_COMPILER_APPICON_NAME = AppIcon;
				ASSETCATALOG_COMPILER_GLOBAL_ACCENT_COLOR_NAME = AccentColor;
				CODE_SIGN_STYLE = Automatic;
				CURRENT_PROJECT_VERSION = 1;
				DEVELOPMENT_TEAM = W9X6CS5GN5;
				GENERATE_INFOPLIST_FILE = YES;
				INFOPLIST_FILE = Quasar/Info.plist;
				INFOPLIST_KEY_UIApplicationSupportsIndirectInputEvents = YES;
				INFOPLIST_KEY_UILaunchStoryboardName = LaunchScreen;
				INFOPLIST_KEY_UISupportedInterfaceOrientations_iPad = "UIInterfaceOrientationPortrait UIInterfaceOrientationPortraitUpsideDown UIInterfaceOrientationLandscapeLeft UIInterfaceOrientationLandscapeRight";
				INFOPLIST_KEY_UISupportedInterfaceOrientations_iPhone = "UIInterfaceOrientationPortrait UIInterfaceOrientationLandscapeLeft UIInterfaceOrientationLandscapeRight";
				LD_RUNPATH_SEARCH_PATHS = (
					"$(inherited)",
					"@executable_path/Frameworks",
				);
				MARKETING_VERSION = 0.1.0;
				PRODUCT_BUNDLE_IDENTIFIER = com.basemelkady.Quasar;
				PRODUCT_NAME = "$(TARGET_NAME)";
				SWIFT_EMIT_LOC_STRINGS = YES;
				SWIFT_VERSION = 5.0;
				TARGETED_DEVICE_FAMILY = "1,2";
			};
			name = Debug;
		};
		66B9609B27D32F220035890E /* Release */ = {
			isa = XCBuildConfiguration;
			buildSettings = {
				ASSETCATALOG_COMPILER_APPICON_NAME = AppIcon;
				ASSETCATALOG_COMPILER_GLOBAL_ACCENT_COLOR_NAME = AccentColor;
				CODE_SIGN_STYLE = Automatic;
				CURRENT_PROJECT_VERSION = 1;
				DEVELOPMENT_TEAM = W9X6CS5GN5;
				GENERATE_INFOPLIST_FILE = YES;
				INFOPLIST_FILE = Quasar/Info.plist;
				INFOPLIST_KEY_UIApplicationSupportsIndirectInputEvents = YES;
				INFOPLIST_KEY_UILaunchStoryboardName = LaunchScreen;
				INFOPLIST_KEY_UISupportedInterfaceOrientations_iPad = "UIInterfaceOrientationPortrait UIInterfaceOrientationPortraitUpsideDown UIInterfaceOrientationLandscapeLeft UIInterfaceOrientationLandscapeRight";
				INFOPLIST_KEY_UISupportedInterfaceOrientations_iPhone = "UIInterfaceOrientationPortrait UIInterfaceOrientationLandscapeLeft UIInterfaceOrientationLandscapeRight";
				LD_RUNPATH_SEARCH_PATHS = (
					"$(inherited)",
					"@executable_path/Frameworks",
				);
				MARKETING_VERSION = 0.1.0;
				PRODUCT_BUNDLE_IDENTIFIER = com.basemelkady.Quasar;
				PRODUCT_NAME = "$(TARGET_NAME)";
				SWIFT_EMIT_LOC_STRINGS = YES;
				SWIFT_VERSION = 5.0;
				TARGETED_DEVICE_FAMILY = "1,2";
			};
			name = Release;
		};
/* End XCBuildConfiguration section */

/* Begin XCConfigurationList section */
		66B9608027D32F1A0035890E /* Build configuration list for PBXProject "Quasar" */ = {
			isa = XCConfigurationList;
			buildConfigurations = (
				66B9609727D32F220035890E /* Debug */,
				66B9609827D32F220035890E /* Release */,
			);
			defaultConfigurationIsVisible = 0;
			defaultConfigurationName = Release;
		};
		66B9609927D32F220035890E /* Build configuration list for PBXNativeTarget "Quasar" */ = {
			isa = XCConfigurationList;
			buildConfigurations = (
				66B9609A27D32F220035890E /* Debug */,
				66B9609B27D32F220035890E /* Release */,
			);
			defaultConfigurationIsVisible = 0;
			defaultConfigurationName = Release;
		};
/* End XCConfigurationList section */

/* Begin XCVersionGroup section */
		6604EE0B27F8C3450067AE32 /* QuasarModel.xcdatamodeld */ = {
			isa = XCVersionGroup;
			children = (
				6604EE0C27F8C3450067AE32 /* QuasarModel.xcdatamodel */,
			);
			currentVersion = 6604EE0C27F8C3450067AE32 /* QuasarModel.xcdatamodel */;
			path = QuasarModel.xcdatamodeld;
			sourceTree = "<group>";
			versionGroupType = wrapper.xcdatamodel;
		};
/* End XCVersionGroup section */
	};
	rootObject = 66B9607D27D32F1A0035890E /* Project object */;
}
